// !$*UTF8*$!
{archiveVersion = 1; classes = {}; objectVersion = 56; objects = {
E12345678901234567890123A = {isa = PBXFileReference; lastKnownFileType = sourcecode.swift; path = "Sources/SimFlutDockCore/AutomaticPanelBinding.swift"; sourceTree = "<group>";};
E12345678901234567890123B = {isa = PBXBuildFile; fileRef = E12345678901234567890123A;};
F12345678901234567890123A = {isa = PBXFileReference; lastKnownFileType = sourcecode.swift; path = "Sources/SimFlutDock/WindowServerObserver.swift"; sourceTree = "<group>";};
F12345678901234567890123B = {isa = PBXBuildFile; fileRef = F12345678901234567890123A;};
D12345678901234567890123A = {isa = PBXFileReference; lastKnownFileType = sourcecode.swift; path = "Sources/SimFlutDockCore/Localization.swift"; sourceTree = "<group>";};
D12345678901234567890123B = {isa = PBXBuildFile; fileRef = D12345678901234567890123A;};
C12345678901234567890123A = {isa = PBXFileReference; lastKnownFileType = image.icns; path = "Resources/AppIcon.icns"; sourceTree = "<group>";};
C12345678901234567890123B = {isa = PBXBuildFile; fileRef = C12345678901234567890123A;};
C12345678901234567890123C = {isa = PBXResourcesBuildPhase; buildActionMask = 2147483647; files = (C12345678901234567890123B,); runOnlyForDeploymentPostprocessing = 0;};
B12345678901234567890123A = {isa = PBXFileReference; lastKnownFileType = sourcecode.swift; path = "Sources/SimFlutDockCore/ProjectIconSource.swift"; sourceTree = "<group>";};
B12345678901234567890123B = {isa = PBXBuildFile; fileRef = B12345678901234567890123A;};
A12345678901234567890123A = {isa = PBXFileReference; lastKnownFileType = sourcecode.swift; path = "Sources/SimFlutDockCore/DartConsole.swift"; sourceTree = "<group>";};
A12345678901234567890123B = {isa = PBXBuildFile; fileRef = A12345678901234567890123A;};
CF7105AD258156CEB2C290F6 = {isa = PBXFileReference; lastKnownFileType = sourcecode.swift; path = "Sources/SimFlutDockCore/FlutterSession.swift"; sourceTree = "<group>";};
1403B1926D423323C7112EB1 = {isa = PBXBuildFile; fileRef = CF7105AD258156CEB2C290F6;};
47F6F108C0E759389CD60413 = {isa = PBXFileReference; lastKnownFileType = sourcecode.swift; path = "Sources/SimFlutDockCore/MachineProtocol.swift"; sourceTree = "<group>";};
62AD6A1EE5E92AA2F221F678 = {isa = PBXBuildFile; fileRef = 47F6F108C0E759389CD60413;};
2157DD9571852F698F0594B4 = {isa = PBXFileReference; lastKnownFileType = sourcecode.swift; path = "Sources/SimFlutDockCore/Models.swift"; sourceTree = "<group>";};
ACEFC06C988FA2F9CAEA3870 = {isa = PBXBuildFile; fileRef = 2157DD9571852F698F0594B4;};
027CC597310B4E34ACD61359 = {isa = PBXFileReference; lastKnownFileType = sourcecode.swift; path = "Sources/SimFlutDockCore/ProjectStore.swift"; sourceTree = "<group>";};
821BA1053F8E5D90AF5577AB = {isa = PBXBuildFile; fileRef = 027CC597310B4E34ACD61359;};
106DED281CA20FE75C9A7E3B = {isa = PBXFileReference; lastKnownFileType = sourcecode.swift; path = "Sources/SimFlutDockCore/SessionManager.swift"; sourceTree = "<group>";};
3FEA77F011EA793EE4799536 = {isa = PBXBuildFile; fileRef = 106DED281CA20FE75C9A7E3B;};
46F518283CD64086223AA421 = {isa = PBXFileReference; lastKnownFileType = sourcecode.swift; path = "Sources/SimFlutDockCore/SimulatorService.swift"; sourceTree = "<group>";};
8D3B105A7B40962352BCCE60 = {isa = PBXBuildFile; fileRef = 46F518283CD64086223AA421;};
95E2201DBA145171200D7A15 = {isa = PBXFileReference; lastKnownFileType = sourcecode.swift; path = "Sources/SimFlutDockCore/ToolRunner.swift"; sourceTree = "<group>";};
937D55C60CC6CA652C4BF4AC = {isa = PBXBuildFile; fileRef = 95E2201DBA145171200D7A15;};
531AC87AC52D47352ACBAE08 = {isa = PBXGroup; name = SimFlutDockCore; children = (E12345678901234567890123A,D12345678901234567890123A,B12345678901234567890123A,A12345678901234567890123A,CF7105AD258156CEB2C290F6,47F6F108C0E759389CD60413,2157DD9571852F698F0594B4,027CC597310B4E34ACD61359,106DED281CA20FE75C9A7E3B,46F518283CD64086223AA421,95E2201DBA145171200D7A15,); sourceTree = "<group>";};
23A9ED729F8D48DF8EF3CAE6 = {isa = PBXSourcesBuildPhase; buildActionMask = 2147483647; files = (E12345678901234567890123B,D12345678901234567890123B,B12345678901234567890123B,A12345678901234567890123B,1403B1926D423323C7112EB1,62AD6A1EE5E92AA2F221F678,ACEFC06C988FA2F9CAEA3870,821BA1053F8E5D90AF5577AB,3FEA77F011EA793EE4799536,8D3B105A7B40962352BCCE60,937D55C60CC6CA652C4BF4AC,); runOnlyForDeploymentPostprocessing = 0;};
AD10958F72EE28F086A8B935 = {isa = PBXFileReference; explicitFileType = archive.ar; includeInIndex = 0; path = libSimFlutDockCore.a; sourceTree = BUILT_PRODUCTS_DIR;};
29140459764DA165A77CF205 = {isa = PBXFrameworksBuildPhase; buildActionMask = 2147483647; files = (); runOnlyForDeploymentPostprocessing = 0;};
B9D9280FC7AEBB6963EDB6A6 = {isa = XCBuildConfiguration; name = Debug; buildSettings = {PRODUCT_NAME = "SimFlutDockCore";SWIFT_VERSION = "5.0";MACOSX_DEPLOYMENT_TARGET = "14.0";SDKROOT = "macosx";SWIFT_OPTIMIZATION_LEVEL = "-Onone";DEFINES_MODULE = "YES";SKIP_INSTALL = "YES";PRODUCT_MODULE_NAME = "SimFlutDockCore";};};
E5D6A305A54C213038873489 = {isa = XCBuildConfiguration; name = Release; buildSettings = {PRODUCT_NAME = "SimFlutDockCore";SWIFT_VERSION = "5.0";MACOSX_DEPLOYMENT_TARGET = "14.0";SDKROOT = "macosx";SWIFT_OPTIMIZATION_LEVEL = "-O";DEFINES_MODULE = "YES";SKIP_INSTALL = "YES";PRODUCT_MODULE_NAME = "SimFlutDockCore";};};
B544C7F4846DD1636D4FBEA6 = {isa = XCConfigurationList; buildConfigurations = (B9D9280FC7AEBB6963EDB6A6,E5D6A305A54C213038873489,); defaultConfigurationIsVisible = 0; defaultConfigurationName = Release;};
029AEA296101AAF020D8B192 = {isa = PBXNativeTarget; buildConfigurationList = B544C7F4846DD1636D4FBEA6; buildPhases = (23A9ED729F8D48DF8EF3CAE6,29140459764DA165A77CF205,); buildRules = (); dependencies = (); name = SimFlutDockCore; productName = SimFlutDockCore; productReference = AD10958F72EE28F086A8B935; productType = "com.apple.product-type.library.static";};
979910DD04A16EB2B0C35E8D = {isa = PBXFileReference; lastKnownFileType = sourcecode.swift; path = "Sources/SimFlutDockHelper/main.swift"; sourceTree = "<group>";};
9150C20F0DC69FD0F6D7B626 = {isa = PBXBuildFile; fileRef = 979910DD04A16EB2B0C35E8D;};
3947A3F33A9B08A265B241D0 = {isa = PBXGroup; name = SimFlutDockHelper; children = (979910DD04A16EB2B0C35E8D,); sourceTree = "<group>";};
B7E5CAC08E3571EB82A032FA = {isa = PBXSourcesBuildPhase; buildActionMask = 2147483647; files = (9150C20F0DC69FD0F6D7B626,); runOnlyForDeploymentPostprocessing = 0;};
D61CDED8749D1C533344B437 = {isa = PBXFileReference; explicitFileType = wrapper.application; includeInIndex = 0; path = SimFlutDockHelper.app; sourceTree = BUILT_PRODUCTS_DIR;};
AAC0D183100B3F37B6E8D805 = {isa = PBXFrameworksBuildPhase; buildActionMask = 2147483647; files = (); runOnlyForDeploymentPostprocessing = 0;};
A3A2DD07BEC0573D964A5DE5 = {isa = XCBuildConfiguration; name = Debug; buildSettings = {PRODUCT_NAME = "SimFlutDockHelper";SWIFT_VERSION = "5.0";MACOSX_DEPLOYMENT_TARGET = "14.0";SDKROOT = "macosx";SWIFT_OPTIMIZATION_LEVEL = "-Onone";INFOPLIST_FILE = "Resources/Helper-Info.plist";PRODUCT_BUNDLE_IDENTIFIER = "com.fluttios.helper";CODE_SIGN_IDENTITY = "-";CODE_SIGN_STYLE = "Manual";ENABLE_APP_SANDBOX = "NO";ENABLE_HARDENED_RUNTIME = "YES";SKIP_INSTALL = "YES";};};
FD522AEF7A182031F22A7EE5 = {isa = XCBuildConfiguration; name = Release; buildSettings = {PRODUCT_NAME = "SimFlutDockHelper";SWIFT_VERSION = "5.0";MACOSX_DEPLOYMENT_TARGET = "14.0";SDKROOT = "macosx";SWIFT_OPTIMIZATION_LEVEL = "-O";INFOPLIST_FILE = "Resources/Helper-Info.plist";PRODUCT_BUNDLE_IDENTIFIER = "com.fluttios.helper";CODE_SIGN_IDENTITY = "-";CODE_SIGN_STYLE = "Manual";ENABLE_APP_SANDBOX = "NO";ENABLE_HARDENED_RUNTIME = "YES";SKIP_INSTALL = "YES";};};
7834B87294CEEE44EE7FD15E = {isa = XCConfigurationList; buildConfigurations = (A3A2DD07BEC0573D964A5DE5,FD522AEF7A182031F22A7EE5,); defaultConfigurationIsVisible = 0; defaultConfigurationName = Release;};
4AF29A7A864116DA272BBAB5 = {isa = PBXNativeTarget; buildConfigurationList = 7834B87294CEEE44EE7FD15E; buildPhases = (B7E5CAC08E3571EB82A032FA,AAC0D183100B3F37B6E8D805,); buildRules = (); dependencies = (); name = SimFlutDockHelper; productName = SimFlutDockHelper; productReference = D61CDED8749D1C533344B437; productType = "com.apple.product-type.application";};
7A11D03B56B919B5E946E1B7 = {isa = PBXFileReference; lastKnownFileType = sourcecode.swift; path = "Sources/SimFlutDock/AppModel.swift"; sourceTree = "<group>";};
91A95EBFCA8F155D7B3FED07 = {isa = PBXBuildFile; fileRef = 7A11D03B56B919B5E946E1B7;};
ED840C3C9BCE9A53595A4DA1 = {isa = PBXFileReference; lastKnownFileType = sourcecode.swift; path = "Sources/SimFlutDock/PanelCoordinator.swift"; sourceTree = "<group>";};
EC1BA1F08BE0A06EAEA5CFBA = {isa = PBXBuildFile; fileRef = ED840C3C9BCE9A53595A4DA1;};
AFD41FF5ACC04480AD51FB38 = {isa = PBXFileReference; lastKnownFileType = sourcecode.swift; path = "Sources/SimFlutDock/SimulatorWindowTracker.swift"; sourceTree = "<group>";};
5B3D4BB9F217D74492DD942F = {isa = PBXBuildFile; fileRef = AFD41FF5ACC04480AD51FB38;};
8BAE192D55FE5ABFD9F4E9D8 = {isa = PBXFileReference; lastKnownFileType = sourcecode.swift; path = "Sources/SimFlutDock/Views.swift"; sourceTree = "<group>";};
24FA4F919C184FC7F2B72D2C = {isa = PBXBuildFile; fileRef = 8BAE192D55FE5ABFD9F4E9D8;};
2762D84BC2C6FD2A687C9CAF = {isa = PBXFileReference; lastKnownFileType = sourcecode.swift; path = "Sources/SimFlutDock/main.swift"; sourceTree = "<group>";};
CEC10EC2BC3B6F57D66C0A00 = {isa = PBXBuildFile; fileRef = 2762D84BC2C6FD2A687C9CAF;};
FDEC88052E66357121E09C93 = {isa = PBXGroup; name = SimFlutDock; children = (F12345678901234567890123A,7A11D03B56B919B5E946E1B7,ED840C3C9BCE9A53595A4DA1,AFD41FF5ACC04480AD51FB38,8BAE192D55FE5ABFD9F4E9D8,2762D84BC2C6FD2A687C9CAF,); sourceTree = "<group>";};
4C3AAD871A7C1CB7EC1AC63C = {isa = PBXSourcesBuildPhase; buildActionMask = 2147483647; files = (F12345678901234567890123B,91A95EBFCA8F155D7B3FED07,EC1BA1F08BE0A06EAEA5CFBA,5B3D4BB9F217D74492DD942F,24FA4F919C184FC7F2B72D2C,CEC10EC2BC3B6F57D66C0A00,); runOnlyForDeploymentPostprocessing = 0;};
78E24EB51B68061AC4D28728 = {isa = PBXFileReference; explicitFileType = wrapper.application; includeInIndex = 0; path = SimFlutDock.app; sourceTree = BUILT_PRODUCTS_DIR;};
B8D1CE7D275DBDD4DCCB362D = {isa = PBXContainerItemProxy; containerPortal = 98F54143AB4E86B28C3AFEE0; proxyType = 1; remoteGlobalIDString = 029AEA296101AAF020D8B192; remoteInfo = SimFlutDockCore;};
9CCAC861DFEEB91FD131C000 = {isa = PBXTargetDependency; target = 029AEA296101AAF020D8B192; targetProxy = B8D1CE7D275DBDD4DCCB362D;};
97D78AEB8DFCD6979BDA9686 = {isa = PBXContainerItemProxy; containerPortal = 98F54143AB4E86B28C3AFEE0; proxyType = 1; remoteGlobalIDString = 4AF29A7A864116DA272BBAB5; remoteInfo = SimFlutDockHelper;};
CBF476D56068315DE5CCA230 = {isa = PBXTargetDependency; target = 4AF29A7A864116DA272BBAB5; targetProxy = 97D78AEB8DFCD6979BDA9686;};
DE27B983E4004137F0D645AD = {isa = PBXBuildFile; fileRef = AD10958F72EE28F086A8B935;};
E79A69D279AE8569F64F796D = {isa = PBXBuildFile; fileRef = D61CDED8749D1C533344B437; settings = {ATTRIBUTES = (CodeSignOnCopy, RemoveHeadersOnCopy,);};};
C3CA20AF1B26834A56C2576E = {isa = PBXCopyFilesBuildPhase; buildActionMask = 2147483647; dstPath = "Contents/Library/LoginItems"; dstSubfolderSpec = 1; files = (E79A69D279AE8569F64F796D,); name = "Embed Login Helper"; runOnlyForDeploymentPostprocessing = 0;};
DE504569C6479FEC62D21C83 = {isa = PBXFrameworksBuildPhase; buildActionMask = 2147483647; files = (DE27B983E4004137F0D645AD,); runOnlyForDeploymentPostprocessing = 0;};
453E57F74C83C5D0514A9C87 = {isa = XCBuildConfiguration; name = Debug; buildSettings = {PRODUCT_NAME = "SimFlutDock";SWIFT_VERSION = "5.0";MACOSX_DEPLOYMENT_TARGET = "14.0";SDKROOT = "macosx";SWIFT_OPTIMIZATION_LEVEL = "-Onone";INFOPLIST_FILE = "Resources/Info.plist";PRODUCT_BUNDLE_IDENTIFIER = "com.fluttios.app";CODE_SIGN_IDENTITY = "-";CODE_SIGN_STYLE = "Manual";ENABLE_APP_SANDBOX = "NO";ENABLE_HARDENED_RUNTIME = "YES";SKIP_INSTALL = "NO";};};
109E19D6C6B96E4335DBCB7F = {isa = XCBuildConfiguration; name = Release; buildSettings = {PRODUCT_NAME = "SimFlutDock";SWIFT_VERSION = "5.0";MACOSX_DEPLOYMENT_TARGET = "14.0";SDKROOT = "macosx";SWIFT_OPTIMIZATION_LEVEL = "-O";INFOPLIST_FILE = "Resources/Info.plist";PRODUCT_BUNDLE_IDENTIFIER = "com.fluttios.app";CODE_SIGN_IDENTITY = "-";CODE_SIGN_STYLE = "Manual";ENABLE_APP_SANDBOX = "NO";ENABLE_HARDENED_RUNTIME = "YES";SKIP_INSTALL = "NO";};};
45E694F4C247DA4286FB58DC = {isa = XCConfigurationList; buildConfigurations = (453E57F74C83C5D0514A9C87,109E19D6C6B96E4335DBCB7F,); defaultConfigurationIsVisible = 0; defaultConfigurationName = Release;};
38D16002CB785346A40BE9EA = {isa = PBXNativeTarget; buildConfigurationList = 45E694F4C247DA4286FB58DC; buildPhases = (C12345678901234567890123C,4C3AAD871A7C1CB7EC1AC63C,DE504569C6479FEC62D21C83,C3CA20AF1B26834A56C2576E,); buildRules = (); dependencies = (9CCAC861DFEEB91FD131C000,CBF476D56068315DE5CCA230,); name = SimFlutDock; productName = SimFlutDock; productReference = 78E24EB51B68061AC4D28728; productType = "com.apple.product-type.application";};
FBDC4F23F93125BBEEAE800C = {isa = PBXGroup; name = Products; children = (AD10958F72EE28F086A8B935,D61CDED8749D1C533344B437,78E24EB51B68061AC4D28728,); sourceTree = "<group>";};
B28B7AF69320201D1CF206EB = {isa = PBXGroup; children = (C12345678901234567890123A,531AC87AC52D47352ACBAE08,3947A3F33A9B08A265B241D0,FDEC88052E66357121E09C93,FBDC4F23F93125BBEEAE800C,); sourceTree = "<group>";};
1C6332C759B35B5B3487F3CD = {isa = XCBuildConfiguration; name = Debug; buildSettings = {CLANG_ENABLE_MODULES = YES; SDKROOT = macosx; MACOSX_DEPLOYMENT_TARGET = 14.0;};};
8B7212A5EF49F64ACD4F072A = {isa = XCBuildConfiguration; name = Release; buildSettings = {CLANG_ENABLE_MODULES = YES; SDKROOT = macosx; MACOSX_DEPLOYMENT_TARGET = 14.0;ONLY_ACTIVE_ARCH = NO;};};
862894B703A6DEDF96A9DD6C = {isa = XCConfigurationList; buildConfigurations = (1C6332C759B35B5B3487F3CD,8B7212A5EF49F64ACD4F072A,); defaultConfigurationIsVisible = 0; defaultConfigurationName = Release;};
98F54143AB4E86B28C3AFEE0 = {isa = PBXProject; attributes = {LastUpgradeCheck = 1500;}; buildConfigurationList = 862894B703A6DEDF96A9DD6C; compatibilityVersion = "Xcode 14.0"; developmentRegion = en; hasScannedForEncodings = 0; knownRegions = (en, ru, Base,); mainGroup = B28B7AF69320201D1CF206EB; productRefGroup = FBDC4F23F93125BBEEAE800C; projectDirPath = ""; projectRoot = ""; targets = (029AEA296101AAF020D8B192,4AF29A7A864116DA272BBAB5,38D16002CB785346A40BE9EA,);};
}; rootObject = 98F54143AB4E86B28C3AFEE0;}
